
Microsoft Visual Studio Solution File, Format Version 12.00
# Visual Studio Version 16
VisualStudioVersion = 16.0.28803.452
MinimumVisualStudioVersion = 10.0.40219.1
Project("{FAE04EC0-301F-11D3-BF4B-00C04F79EFBC}") = "Caro_Game", "Caro_Game\Caro_Game.csproj", "{D318649E-69AC-48F3-97A4-9D5B7A82FA95}"
EndProject
Global
	GlobalSection(SolutionConfigurationPlatforms) = preSolution
		Debug|Any CPU = Debug|Any CPU
		Release|Any CPU = Release|Any CPU
	EndGlobalSection
	GlobalSection(ProjectConfigurationPlatforms) = postSolution
		{D318649E-69AC-48F3-97A4-9D5B7A82FA95}.Debug|Any CPU.ActiveCfg = Debug|Any CPU
		{D318649E-69AC-48F3-97A4-9D5B7A82FA95}.Debug|Any CPU.Build.0 = Debug|Any CPU
		{D318649E-69AC-48F3-97A4-9D5B7A82FA95}.Release|Any CPU.ActiveCfg = Release|Any CPU
		{D318649E-69AC-48F3-97A4-9D5B7A82FA95}.Release|Any CPU.Build.0 = Release|Any CPU
	EndGlobalSection
	GlobalSection(SolutionProperties) = preSolution
		HideSolutionNode = FALSE
	EndGlobalSection
	GlobalSection(ExtensibilityGlobals) = postSolution
		SolutionGuid = {185E9B19-1778-4BFD-847B-192D27A9A5B0}
	EndGlobalSection
EndGlobal
